Microsoft Visual Studio Solution File, Format Version 11.00
# Visual Studio 2010
Project("{FAE04EC0-301F-11D3-BF4B-00C04F79EFBC}") = "Assembly-CSharp", "Assembly-CSharp.csproj", "{2588E870-7526-87A1-C4AA-0AEB1FC0CBEF}"
EndProject
Project("{FAE04EC0-301F-11D3-BF4B-00C04F79EFBC}") = "Assembly-CSharp-Editor", "Assembly-CSharp-Editor.csproj", "{3560D43A-D7ED-5DEF-7FD4-51C6D57A9996}"
EndProject
Global
	GlobalSection(SolutionConfigurationPlatforms) = preSolution
		Debug|Any CPU = Debug|Any CPU
		Release|Any CPU = Release|Any CPU
	EndGlobalSection
	GlobalSection(ProjectConfigurationPlatforms) = postSolution
		{2588E870-7526-87A1-C4AA-0AEB1FC0CBEF}.Debug|Any CPU.ActiveCfg = Debug|Any CPU
		{2588E870-7526-87A1-C4AA-0AEB1FC0CBEF}.Debug|Any CPU.Build.0 = Debug|Any CPU
		{2588E870-7526-87A1-C4AA-0AEB1FC0CBEF}.Release|Any CPU.ActiveCfg = Release|Any CPU
		{2588E870-7526-87A1-C4AA-0AEB1FC0CBEF}.Release|Any CPU.Build.0 = Release|Any CPU
		{3560D43A-D7ED-5DEF-7FD4-51C6D57A9996}.Debug|Any CPU.ActiveCfg = Debug|Any CPU
		{3560D43A-D7ED-5DEF-7FD4-51C6D57A9996}.Debug|Any CPU.Build.0 = Debug|Any CPU
		{3560D43A-D7ED-5DEF-7FD4-51C6D57A9996}.Release|Any CPU.ActiveCfg = Release|Any CPU
		{3560D43A-D7ED-5DEF-7FD4-51C6D57A9996}.Release|Any CPU.Build.0 = Release|Any CPU
	EndGlobalSection
	GlobalSection(SolutionProperties) = preSolution
		HideSolutionNode = FALSE
	EndGlobalSection
EndGlobal
